
Microsoft Visual Studio Solution File, Format Version 12.00
# Visual Studio Version 17
VisualStudioVersion = 17.14.36212.18 d17.14
MinimumVisualStudioVersion = 10.0.40219.1
Project("{8BC9CEB8-8B4A-11D0-8D11-00A0C91BC942}") = "CueMaker", "CueMaker\CueMaker.vcxproj", "{CE597075-379A-4E3E-B801-A156B1AF74A8}"
EndProject
Global
	GlobalSection(SolutionConfigurationPlatforms) = preSolution
		Debug|x64 = Debug|x64
		Debug|x86 = Debug|x86
		Release|x64 = Release|x64
		Release|x86 = Release|x86
	EndGlobalSection
	GlobalSection(ProjectConfigurationPlatforms) = postSolution
		{CE597075-379A-4E3E-B801-A156B1AF74A8}.Debug|x64.ActiveCfg = Debug|x64
		{CE597075-379A-4E3E-B801-A156B1AF74A8}.Debug|x64.Build.0 = Debug|x64
		{CE597075-379A-4E3E-B801-A156B1AF74A8}.Debug|x86.ActiveCfg = Debug|Win32
		{CE597075-379A-4E3E-B801-A156B1AF74A8}.Debug|x86.Build.0 = Debug|Win32
		{CE597075-379A-4E3E-B801-A156B1AF74A8}.Release|x64.ActiveCfg = Release|x64
		{CE597075-379A-4E3E-B801-A156B1AF74A8}.Release|x64.Build.0 = Release|x64
		{CE597075-379A-4E3E-B801-A156B1AF74A8}.Release|x86.ActiveCfg = Release|Win32
		{CE597075-379A-4E3E-B801-A156B1AF74A8}.Release|x86.Build.0 = Release|Win32
	EndGlobalSection
	GlobalSection(SolutionProperties) = preSolution
		HideSolutionNode = FALSE
	EndGlobalSection
	GlobalSection(ExtensibilityGlobals) = postSolution
		SolutionGuid = {6ADA46A6-02A1-47B9-ADC4-B3DD5D732BEF}
	EndGlobalSection
EndGlobal
